PODS:
  - dotlottie_flutter (0.0.1):
    - FlutterMacOS
    - LottieFiles-dotLottie-iOS (= 0.9.2)
  - FlutterMacOS (1.0.0)
  - LottieFiles-dotLottie-iOS (0.9.2)

DEPENDENCIES:
  - dotlottie_flutter (from `Flutter/ephemeral/.symlinks/plugins/dotlottie_flutter/macos`)
  - FlutterMacOS (from `Flutter/ephemeral`)

SPEC REPOS:
  trunk:
    - LottieFiles-dotLottie-iOS

EXTERNAL SOURCES:
  dotlottie_flutter:
    :path: Flutter/ephemeral/.symlinks/plugins/dotlottie_flutter/macos
  FlutterMacOS:
    :path: Flutter/ephemeral

SPEC CHECKSUMS:
  dotlottie_flutter: b31d1945876195e019a97514c170184146941620
  FlutterMacOS: d0db08ddef1a9af05a5ec4b724367152bb0500b1
  LottieFiles-dotLottie-iOS: 1cd5d5e54ecfc4d15d5269fc4944615d05290f41

PODFILE CHECKSUM: 346bfb2deb41d4a6ebd6f6799f92188bde2d246f

COCOAPODS: 1.16.2
